// !$*UTF8*$!
{
	archiveVersion = 1;
	classes = {
	};
	objectVersion = 50;
	objects = {

/* Begin PBXBuildFile section */
		98C227842561AC880098686A /* AppDelegate.swift in Sources */ = {isa = PBXBuildFile; fileRef = 98C227832561AC880098686A /* AppDelegate.swift */; };
		98C227862561AC880098686A /* SceneDelegate.swift in Sources */ = {isa = PBXBuildFile; fileRef = 98C227852561AC880098686A /* SceneDelegate.swift */; };
		98C227882561AC880098686A /* ViewController.swift in Sources */ = {isa = PBXBuildFile; fileRef = 98C227872561AC880098686A /* ViewController.swift */; };
		98C2278B2561AC880098686A /* Main.storyboard in Resources */ = {isa = PBXBuildFile; fileRef = 98C227892561AC880098686A /* Main.storyboard */; };
		98C2278D2561AC8C0098686A /* Assets.xcassets in Resources */ = {isa = PBXBuildFile; fileRef = 98C2278C2561AC8C0098686A /* Assets.xcassets */; };
		98C227902561AC8C0098686A /* LaunchScreen.storyboard in Resources */ = {isa = PBXBuildFile; fileRef = 98C2278E2561AC8C0098686A /* LaunchScreen.storyboard */; };
		98C2279B2561AC8C0098686A /* TippyTests.swift in Sources */ = {isa = PBXBuildFile; fileRef = 98C2279A2561AC8C0098686A /* TippyTests.swift */; };
		98C227A62561AC8C0098686A /* TippyUITests.swift in Sources */ = {isa = PBXBuildFile; fileRef = 98C227A52561AC8C0098686A /* TippyUITests.swift */; };
/* End PBXBuildFile section */

/* Begin PBXContainerItemProxy section */
		98C227972561AC8C0098686A /* PBXContainerItemProxy */ = {
			isa = PBXContainerItemProxy;
			containerPortal = 98C227782561AC880098686A /* Project object */;
			proxyType = 1;
			remoteGlobalIDString = 98C2277F2561AC880098686A;
			remoteInfo = Tippy;
		};
		98C227A22561AC8C0098686A /* PBXContainerItemProxy */ = {
			isa = PBXContainerItemProxy;
			containerPortal = 98C227782561AC880098686A /* Project object */;
			proxyType = 1;
			remoteGlobalIDString = 98C2277F2561AC880098686A;
			remoteInfo = Tippy;
		};
/* End PBXContainerItemProxy section */

/* Begin PBXFileReference section */
		98C227802561AC880098686A /* Tippy.app */ = {isa = PBXFileReference; explicitFileType = wrapper.application; includeInIndex = 0; path = Tippy.app; sourceTree = BUILT_PRODUCTS_DIR; };
		98C227832561AC880098686A /* AppDelegate.swift */ = {isa = PBXFileReference; lastKnownFileType = sourcecode.swift; path = AppDelegate.swift; sourceTree = "<group>"; };
		98C227852561AC880098686A /* SceneDelegate.swift */ = {isa = PBXFileReference; lastKnownFileType = sourcecode.swift; path = SceneDelegate.swift; sourceTree = "<group>"; };
		98C227872561AC880098686A /* ViewController.swift */ = {isa = PBXFileReference; lastKnownFileType = sourcecode.swift; path = ViewController.swift; sourceTree = "<group>"; };
		98C2278A2561AC880098686A /* Base */ = {isa = PBXFileReference; lastKnownFileType = file.storyboard; name = Base; path = Base.lproj/Main.storyboard; sourceTree = "<group>"; };
		98C2278C2561AC8C0098686A /* Assets.xcassets */ = {isa = PBXFileReference; lastKnownFileType = folder.assetcatalog; path = Assets.xcassets; sourceTree = "<group>"; };
		98C2278F2561AC8C0098686A /* Base */ = {isa = PBXFileReference; lastKnownFileType = file.storyboard; name = Base; path = Base.lproj/LaunchScreen.storyboard; sourceTree = "<group>"; };
		98C227912561AC8C0098686A /* Info.plist */ = {isa = PBXFileReference; lastKnownFileType = text.plist.xml; path = Info.plist; sourceTree = "<group>"; };
		98C227962561AC8C0098686A /* TippyTests.xctest */ = {isa = PBXFileReference; explicitFileType = wrapper.cfbundle; includeInIndex = 0; path = TippyTests.xctest; sourceTree = BUILT_PRODUCTS_DIR; };
		98C2279A2561AC8C0098686A /* TippyTests.swift */ = {isa = PBXFileReference; lastKnownFileType = sourcecode.swift; path = TippyTests.swift; sourceTree = "<group>"; };
		98C2279C2561AC8C0098686A /* Info.plist */ = {isa = PBXFileReference; lastKnownFileType = text.plist.xml; path = Info.plist; sourceTree = "<group>"; };
		98C227A12561AC8C0098686A /* TippyUITests.xctest */ = {isa = PBXFileReference; explicitFileType = wrapper.cfbundle; includeInIndex = 0; path = TippyUITests.xctest; sourceTree = BUILT_PRODUCTS_DIR; };
		98C227A52561AC8C0098686A /* TippyUITests.swift */ = {isa = PBXFileReference; lastKnownFileType = sourcecode.swift; path = TippyUITests.swift; sourceTree = "<group>"; };
		98C227A72561AC8C0098686A /* Info.plist */ = {isa = PBXFileReference; lastKnownFileType = text.plist.xml; path = Info.plist; sourceTree = "<group>"; };
/* End PBXFileReference section */

/* Begin PBXFrameworksBuildPhase section */
		98C2277D2561AC880098686A /* Frameworks */ = {
			isa = PBXFrameworksBuildPhase;
			buildActionMask = 2147483647;
			files = (
			);
			runOnlyForDeploymentPostprocessing = 0;
		};
		98C227932561AC8C0098686A /* Frameworks */ = {
			isa = PBXFrameworksBuildPhase;
			buildActionMask = 2147483647;
			files = (
			);
			runOnlyForDeploymentPostprocessing = 0;
		};
		98C2279E2561AC8C0098686A /* Frameworks */ = {
			isa = PBXFrameworksBuildPhase;
			buildActionMask = 2147483647;
			files = (
			);
			runOnlyForDeploymentPostprocessing = 0;
		};
/* End PBXFrameworksBuildPhase section */

/* Begin PBXGroup section */
		98C227772561AC880098686A = {
			isa = PBXGroup;
			children = (
				98C227822561AC880098686A /* Tippy */,
				98C227992561AC8C0098686A /* TippyTests */,
				98C227A42561AC8C0098686A /* TippyUITests */,
				98C227812561AC880098686A /* Products */,
			);
			sourceTree = "<group>";
		};
		98C227812561AC880098686A /* Products */ = {
			isa = PBXGroup;
			children = (
				98C227802561AC880098686A /* Tippy.app */,
				98C227962561AC8C0098686A /* TippyTests.xctest */,
				98C227A12561AC8C0098686A /* TippyUITests.xctest */,
			);
			name = Products;
			sourceTree = "<group>";
		};
		98C227822561AC880098686A /* Tippy */ = {
			isa = PBXGroup;
			children = (
				98C227832561AC880098686A /* AppDelegate.swift */,
				98C227852561AC880098686A /* SceneDelegate.swift */,
				98C227872561AC880098686A /* ViewController.swift */,
				98C227892561AC880098686A /* Main.storyboard */,
				98C2278C2561AC8C0098686A /* Assets.xcassets */,
				98C2278E2561AC8C0098686A /* LaunchScreen.storyboard */,
				98C227912561AC8C0098686A /* Info.plist */,
			);
			path = Tippy;
			sourceTree = "<group>";
		};
		98C227992561AC8C0098686A /* TippyTests */ = {
			isa = PBXGroup;
			children = (
				98C2279A2561AC8C0098686A /* TippyTests.swift */,
				98C2279C2561AC8C0098686A /* Info.plist */,
			);
			path = TippyTests;
			sourceTree = "<group>";
		};
		98C227A42561AC8C0098686A /* TippyUITests */ = {
			isa = PBXGroup;
			children = (
				98C227A52561AC8C0098686A /* TippyUITests.swift */,
				98C227A72561AC8C0098686A /* Info.plist */,
			);
			path = TippyUITests;
			sourceTree = "<group>";
		};
/* End PBXGroup section */

/* Begin PBXNativeTarget section */
		98C2277F2561AC880098686A /* Tippy */ = {
			isa = PBXNativeTarget;
			buildConfigurationList = 98C227AA2561AC8C0098686A /* Build configuration list for PBXNativeTarget "Tippy" */;
			buildPhases = (
				98C2277C2561AC880098686A /* Sources */,
				98C2277D2561AC880098686A /* Frameworks */,
				98C2277E2561AC880098686A /* Resources */,
			);
			buildRules = (
			);
			dependencies = (
			);
			name = Tippy;
			productName = Tippy;
			productReference = 98C227802561AC880098686A /* Tippy.app */;
			productType = "com.apple.product-type.application";
		};
		98C227952561AC8C0098686A /* TippyTests */ = {
			isa = PBXNativeTarget;
			buildConfigurationList = 98C227AD2561AC8C0098686A /* Build configuration list for PBXNativeTarget "TippyTests" */;
			buildPhases = (
				98C227922561AC8C0098686A /* Sources */,
				98C227932561AC8C0098686A /* Frameworks */,
				98C227942561AC8C0098686A /* Resources */,
			);
			buildRules = (
			);
			dependencies = (
				98C227982561AC8C0098686A /* PBXTargetDependency */,
			);
			name = TippyTests;
			productName = TippyTests;
			productReference = 98C227962561AC8C0098686A /* TippyTests.xctest */;
			productType = "com.apple.product-type.bundle.unit-test";
		};
		98C227A02561AC8C0098686A /* TippyUITests */ = {
			isa = PBXNativeTarget;
			buildConfigurationList = 98C227B02561AC8C0098686A /* Build configuration list for PBXNativeTarget "TippyUITests" */;
			buildPhases = (
				98C2279D2561AC8C0098686A /* Sources */,
				98C2279E2561AC8C0098686A /* Frameworks */,
				98C2279F2561AC8C0098686A /* Resources */,
			);
			buildRules = (
			);
			dependencies = (
				98C227A32561AC8C0098686A /* PBXTargetDependency */,
			);
			name = TippyUITests;
			productName = TippyUITests;
			productReference = 98C227A12561AC8C0098686A /* TippyUITests.xctest */;
			productType = "com.apple.product-type.bundle.ui-testing";
		};
/* End PBXNativeTarget section */

/* Begin PBXProject section */
		98C227782561AC880098686A /* Project object */ = {
			isa = PBXProject;
			attributes = {
				LastSwiftUpdateCheck = 1220;
				LastUpgradeCheck = 1220;
				TargetAttributes = {
					98C2277F2561AC880098686A = {
						CreatedOnToolsVersion = 12.2;
					};
					98C227952561AC8C0098686A = {
						CreatedOnToolsVersion = 12.2;
						TestTargetID = 98C2277F2561AC880098686A;
					};
					98C227A02561AC8C0098686A = {
						CreatedOnToolsVersion = 12.2;
						TestTargetID = 98C2277F2561AC880098686A;
					};
				};
			};
			buildConfigurationList = 98C2277B2561AC880098686A /* Build configuration list for PBXProject "Tippy" */;
			compatibilityVersion = "Xcode 9.3";
			developmentRegion = en;
			hasScannedForEncodings = 0;
			knownRegions = (
				en,
				Base,
			);
			mainGroup = 98C227772561AC880098686A;
			productRefGroup = 98C227812561AC880098686A /* Products */;
			projectDirPath = "";
			projectRoot = "";
			targets = (
				98C2277F2561AC880098686A /* Tippy */,
				98C227952561AC8C0098686A /* TippyTests */,
				98C227A02561AC8C0098686A /* TippyUITests */,
			);
		};
/* End PBXProject section */

/* Begin PBXResourcesBuildPhase section */
		98C2277E2561AC880098686A /* Resources */ = {
			isa = PBXResourcesBuildPhase;
			buildActionMask = 2147483647;
			files = (
				98C227902561AC8C0098686A /* LaunchScreen.storyboard in Resources */,
				98C2278D2561AC8C0098686A /* Assets.xcassets in Resources */,
				98C2278B2561AC880098686A /* Main.storyboard in Resources */,
			);
			runOnlyForDeploymentPostprocessing = 0;
		};
		98C227942561AC8C0098686A /* Resources */ = {
			isa = PBXResourcesBuildPhase;
			buildActionMask = 2147483647;
			files = (
			);
			runOnlyForDeploymentPostprocessing = 0;
		};
		98C2279F2561AC8C0098686A /* Resources */ = {
			isa = PBXResourcesBuildPhase;
			buildActionMask = 2147483647;
			files = (
			);
			runOnlyForDeploymentPostprocessing = 0;
		};
/* End PBXResourcesBuildPhase section */

/* Begin PBXSourcesBuildPhase section */
		98C2277C2561AC880098686A /* Sources */ = {
			isa = PBXSourcesBuildPhase;
			buildActionMask = 2147483647;
			files = (
				98C227882561AC880098686A /* ViewController.swift in Sources */,
				98C227842561AC880098686A /* AppDelegate.swift in Sources */,
				98C227862561AC880098686A /* SceneDelegate.swift in Sources */,
			);
			runOnlyForDeploymentPostprocessing = 0;
		};
		98C227922561AC8C0098686A /* Sources */ = {
			isa = PBXSourcesBuildPhase;
			buildActionMask = 2147483647;
			files = (
				98C2279B2561AC8C0098686A /* TippyTests.swift in Sources */,
			);
			runOnlyForDeploymentPostprocessing = 0;
		};
		98C2279D2561AC8C0098686A /* Sources */ = {
			isa = PBXSourcesBuildPhase;
			buildActionMask = 2147483647;
			files = (
				98C227A62561AC8C0098686A /* TippyUITests.swift in Sources */,
			);
			runOnlyForDeploymentPostprocessing = 0;
		};
/* End PBXSourcesBuildPhase section */

/* Begin PBXTargetDependency section */
		98C227982561AC8C0098686A /* PBXTargetDependency */ = {
			isa = PBXTargetDependency;
			target = 98C2277F2561AC880098686A /* Tippy */;
			targetProxy = 98C227972561AC8C0098686A /* PBXContainerItemProxy */;
		};
		98C227A32561AC8C0098686A /* PBXTargetDependency */ = {
			isa = PBXTargetDependency;
			target = 98C2277F2561AC880098686A /* Tippy */;
			targetProxy = 98C227A22561AC8C0098686A /* PBXContainerItemProxy */;
		};
/* End PBXTargetDependency section */

/* Begin PBXVariantGroup section */
		98C227892561AC880098686A /* Main.storyboard */ = {
			isa = PBXVariantGroup;
			children = (
				98C2278A2561AC880098686A /* Base */,
			);
			name = Main.storyboard;
			sourceTree = "<group>";
		};
		98C2278E2561AC8C0098686A /* LaunchScreen.storyboard */ = {
			isa = PBXVariantGroup;
			children = (
				98C2278F2561AC8C0098686A /* Base */,
			);
			name = LaunchScreen.storyboard;
			sourceTree = "<group>";
		};
/* End PBXVariantGroup section */

/* Begin XCBuildConfiguration section */
		98C227A82561AC8C0098686A /* Debug */ = {
			isa = XCBuildConfiguration;
			buildSettings = {
				ALWAYS_SEARCH_USER_PATHS = NO;
				CLANG_ANALYZER_NONNULL = YES;
				CLANG_ANALYZER_NUMBER_OBJECT_CONVERSION = YES_AGGRESSIVE;
				CLANG_CXX_LANGUAGE_STANDARD = "gnu++14";
				CLANG_CXX_LIBRARY = "libc++";
				CLANG_ENABLE_MODULES = YES;
				CLANG_ENABLE_OBJC_ARC = YES;
				CLANG_ENABLE_OBJC_WEAK = YES;
				CLANG_WARN_BLOCK_CAPTURE_AUTORELEASING = YES;
				CLANG_WARN_BOOL_CONVERSION = YES;
				CLANG_WARN_COMMA = YES;
				CLANG_WARN_CONSTANT_CONVERSION = YES;
				CLANG_WARN_DEPRECATED_OBJC_IMPLEMENTATIONS = YES;
				CLANG_WARN_DIRECT_OBJC_ISA_USAGE = YES_ERROR;
				CLANG_WARN_DOCUMENTATION_COMMENTS = YES;
				CLANG_WARN_EMPTY_BODY = YES;
				CLANG_WARN_ENUM_CONVERSION = YES;
				CLANG_WARN_INFINITE_RECURSION = YES;
				CLANG_WARN_INT_CONVERSION = YES;
				CLANG_WARN_NON_LITERAL_NULL_CONVERSION = YES;
				CLANG_WARN_OBJC_IMPLICIT_RETAIN_SELF = YES;
				CLANG_WARN_OBJC_LITERAL_CONVERSION = YES;
				CLANG_WARN_OBJC_ROOT_CLASS = YES_ERROR;
				CLANG_WARN_QUOTED_INCLUDE_IN_FRAMEWORK_HEADER = YES;
				CLANG_WARN_RANGE_LOOP_ANALYSIS = YES;
				CLANG_WARN_STRICT_PROTOTYPES = YES;
				CLANG_WARN_SUSPICIOUS_MOVE = YES;
				CLANG_WARN_UNGUARDED_AVAILABILITY = YES_AGGRESSIVE;
				CLANG_WARN_UNREACHABLE_CODE = YES;
				CLANG_WARN__DUPLICATE_METHOD_MATCH = YES;
				COPY_PHASE_STRIP = NO;
				DEBUG_INFORMATION_FORMAT = dwarf;
				ENABLE_STRICT_OBJC_MSGSEND = YES;
				ENABLE_TESTABILITY = YES;
				GCC_C_LANGUAGE_STANDARD = gnu11;
				GCC_DYNAMIC_NO_PIC = NO;
				GCC_NO_COMMON_BLOCKS = YES;
				GCC_OPTIMIZATION_LEVEL = 0;
				GCC_PREPROCESSOR_DEFINITIONS = (
					"DEBUG=1",
					"$(inherited)",
				);
				GCC_WARN_64_TO_32_BIT_CONVERSION = YES;
				GCC_WARN_ABOUT_RETURN_TYPE = YES_ERROR;
				GCC_WARN_UNDECLARED_SELECTOR = YES;
				GCC_WARN_UNINITIALIZED_AUTOS = YES_AGGRESSIVE;
				GCC_WARN_UNUSED_FUNCTION = YES;
				GCC_WARN_UNUSED_VARIABLE = YES;
				IPHONEOS_DEPLOYMENT_TARGET = 14.2;
				MTL_ENABLE_DEBUG_INFO = INCLUDE_SOURCE;
				MTL_FAST_MATH = YES;
				ONLY_ACTIVE_ARCH = YES;
				SDKROOT = iphoneos;
				SWIFT_ACTIVE_COMPILATION_CONDITIONS = DEBUG;
				SWIFT_OPTIMIZATION_LEVEL = "-Onone";
			};
			name = Debug;
		};
		98C227A92561AC8C0098686A /* Release */ = {
			isa = XCBuildConfiguration;
			buildSettings = {
				ALWAYS_SEARCH_USER_PATHS = NO;
				CLANG_ANALYZER_NONNULL = YES;
				CLANG_ANALYZER_NUMBER_OBJECT_CONVERSION = YES_AGGRESSIVE;
				CLANG_CXX_LANGUAGE_STANDARD = "gnu++14";
				CLANG_CXX_LIBRARY = "libc++";
				CLANG_ENABLE_MODULES = YES;
				CLANG_ENABLE_OBJC_ARC = YES;
				CLANG_ENABLE_OBJC_WEAK = YES;
				CLANG_WARN_BLOCK_CAPTURE_AUTORELEASING = YES;
				CLANG_WARN_BOOL_CONVERSION = YES;
				CLANG_WARN_COMMA = YES;
				CLANG_WARN_CONSTANT_CONVERSION = YES;
				CLANG_WARN_DEPRECATED_OBJC_IMPLEMENTATIONS = YES;
				CLANG_WARN_DIRECT_OBJC_ISA_USAGE = YES_ERROR;
				CLANG_WARN_DOCUMENTATION_COMMENTS = YES;
				CLANG_WARN_EMPTY_BODY = YES;
				CLANG_WARN_ENUM_CONVERSION = YES;
				CLANG_WARN_INFINITE_RECURSION = YES;
				CLANG_WARN_INT_CONVERSION = YES;
				CLANG_WARN_NON_LITERAL_NULL_CONVERSION = YES;
				CLANG_WARN_OBJC_IMPLICIT_RETAIN_SELF = YES;
				CLANG_WARN_OBJC_LITERAL_CONVERSION = YES;
				CLANG_WARN_OBJC_ROOT_CLASS = YES_ERROR;
				CLANG_WARN_QUOTED_INCLUDE_IN_FRAMEWORK_HEADER = YES;
				CLANG_WARN_RANGE_LOOP_ANALYSIS = YES;
				CLANG_WARN_STRICT_PROTOTYPES = YES;
				CLANG_WARN_SUSPICIOUS_MOVE = YES;
				CLANG_WARN_UNGUARDED_AVAILABILITY = YES_AGGRESSIVE;
				CLANG_WARN_UNREACHABLE_CODE = YES;
				CLANG_WARN__DUPLICATE_METHOD_MATCH = YES;
				COPY_PHASE_STRIP = NO;
				DEBUG_INFORMATION_FORMAT = "dwarf-with-dsym";
				ENABLE_NS_ASSERTIONS = NO;
				ENABLE_STRICT_OBJC_MSGSEND = YES;
				GCC_C_LANGUAGE_STANDARD = gnu11;
				GCC_NO_COMMON_BLOCKS = YES;
				GCC_WARN_64_TO_32_BIT_CONVERSION = YES;
				GCC_WARN_ABOUT_RETURN_TYPE = YES_ERROR;
				GCC_WARN_UNDECLARED_SELECTOR = YES;
				GCC_WARN_UNINITIALIZED_AUTOS = YES_AGGRESSIVE;
				GCC_WARN_UNUSED_FUNCTION = YES;
				GCC_WARN_UNUSED_VARIABLE = YES;
				IPHONEOS_DEPLOYMENT_TARGET = 14.2;
				MTL_ENABLE_DEBUG_INFO = NO;
				MTL_FAST_MATH = YES;
				SDKROOT = iphoneos;
				SWIFT_COMPILATION_MODE = wholemodule;
				SWIFT_OPTIMIZATION_LEVEL = "-O";
				VALIDATE_PRODUCT = YES;
			};
			name = Release;
		};
		98C227AB2561AC8C0098686A /* Debug */ = {
			isa = XCBuildConfiguration;
			buildSettings = {
				ASSETCATALOG_COMPILER_APPICON_NAME = AppIcon;
				ASSETCATALOG_COMPILER_GLOBAL_ACCENT_COLOR_NAME = AccentColor;
				CODE_SIGN_STYLE = Automatic;
				INFOPLIST_FILE = Tippy/Info.plist;
				LD_RUNPATH_SEARCH_PATHS = (
					"$(inherited)",
					"@executable_path/Frameworks",
				);
				PRODUCT_BUNDLE_IDENTIFIER = io.crea.Tippy;
				PRODUCT_NAME = "$(TARGET_NAME)";
				SWIFT_VERSION = 5.0;
				TARGETED_DEVICE_FAMILY = "1,2";
			};
			name = Debug;
		};
		98C227AC2561AC8C0098686A /* Release */ = {
			isa = XCBuildConfiguration;
			buildSettings = {
				ASSETCATALOG_COMPILER_APPICON_NAME = AppIcon;
				ASSETCATALOG_COMPILER_GLOBAL_ACCENT_COLOR_NAME = AccentColor;
				CODE_SIGN_STYLE = Automatic;
				INFOPLIST_FILE = Tippy/Info.plist;
				LD_RUNPATH_SEARCH_PATHS = (
					"$(inherited)",
					"@executable_path/Frameworks",
				);
				PRODUCT_BUNDLE_IDENTIFIER = io.crea.Tippy;
				PRODUCT_NAME = "$(TARGET_NAME)";
				SWIFT_VERSION = 5.0;
				TARGETED_DEVICE_FAMILY = "1,2";
			};
			name = Release;
		};
		98C227AE2561AC8C0098686A /* Debug */ = {
			isa = XCBuildConfiguration;
			buildSettings = {
				ALWAYS_EMBED_SWIFT_STANDARD_LIBRARIES = YES;
				BUNDLE_LOADER = "$(TEST_HOST)";
				CODE_SIGN_STYLE = Automatic;
				INFOPLIST_FILE = TippyTests/Info.plist;
				IPHONEOS_DEPLOYMENT_TARGET = 14.2;
				LD_RUNPATH_SEARCH_PATHS = (
					"$(inherited)",
					"@executable_path/Frameworks",
					"@loader_path/Frameworks",
				);
				PRODUCT_BUNDLE_IDENTIFIER = io.crea.TippyTests;
				PRODUCT_NAME = "$(TARGET_NAME)";
				SWIFT_VERSION = 5.0;
				TARGETED_DEVICE_FAMILY = "1,2";
				TEST_HOST = "$(BUILT_PRODUCTS_DIR)/Tippy.app/Tippy";
			};
			name = Debug;
		};
		98C227AF2561AC8C0098686A /* Release */ = {
			isa = XCBuildConfiguration;
			buildSettings = {
				ALWAYS_EMBED_SWIFT_STANDARD_LIBRARIES = YES;
				BUNDLE_LOADER = "$(TEST_HOST)";
				CODE_SIGN_STYLE = Automatic;
				INFOPLIST_FILE = TippyTests/Info.plist;
				IPHONEOS_DEPLOYMENT_TARGET = 14.2;
				LD_RUNPATH_SEARCH_PATHS = (
					"$(inherited)",
					"@executable_path/Frameworks",
					"@loader_path/Frameworks",
				);
				PRODUCT_BUNDLE_IDENTIFIER = io.crea.TippyTests;
				PRODUCT_NAME = "$(TARGET_NAME)";
				SWIFT_VERSION = 5.0;
				TARGETED_DEVICE_FAMILY = "1,2";
				TEST_HOST = "$(BUILT_PRODUCTS_DIR)/Tippy.app/Tippy";
			};
			name = Release;
		};
		98C227B12561AC8C0098686A /* Debug */ = {
			isa = XCBuildConfiguration;
			buildSettings = {
				ALWAYS_EMBED_SWIFT_STANDARD_LIBRARIES = YES;
				CODE_SIGN_STYLE = Automatic;
				INFOPLIST_FILE = TippyUITests/Info.plist;
				LD_RUNPATH_SEARCH_PATHS = (
					"$(inherited)",
					"@executable_path/Frameworks",
					"@loader_path/Frameworks",
				);
				PRODUCT_BUNDLE_IDENTIFIER = io.crea.TippyUITests;
				PRODUCT_NAME = "$(TARGET_NAME)";
				SWIFT_VERSION = 5.0;
				TARGETED_DEVICE_FAMILY = "1,2";
				TEST_TARGET_NAME = Tippy;
			};
			name = Debug;
		};
		98C227B22561AC8C0098686A /* Release */ = {
			isa = XCBuildConfiguration;
			buildSettings = {
				ALWAYS_EMBED_SWIFT_STANDARD_LIBRARIES = YES;
				CODE_SIGN_STYLE = Automatic;
				INFOPLIST_FILE = TippyUITests/Info.plist;
				LD_RUNPATH_SEARCH_PATHS = (
					"$(inherited)",
					"@executable_path/Frameworks",
					"@loader_path/Frameworks",
				);
				PRODUCT_BUNDLE_IDENTIFIER = io.crea.TippyUITests;
				PRODUCT_NAME = "$(TARGET_NAME)";
				SWIFT_VERSION = 5.0;
				TARGETED_DEVICE_FAMILY = "1,2";
				TEST_TARGET_NAME = Tippy;
			};
			name = Release;
		};
/* End XCBuildConfiguration section */

/* Begin XCConfigurationList section */
		98C2277B2561AC880098686A /* Build configuration list for PBXProject "Tippy" */ = {
			isa = XCConfigurationList;
			buildConfigurations = (
				98C227A82561AC8C0098686A /* Debug */,
				98C227A92561AC8C0098686A /* Release */,
			);
			defaultConfigurationIsVisible = 0;
			defaultConfigurationName = Release;
		};
		98C227AA2561AC8C0098686A /* Build configuration list for PBXNativeTarget "Tippy" */ = {
			isa = XCConfigurationList;
			buildConfigurations = (
				98C227AB2561AC8C0098686A /* Debug */,
				98C227AC2561AC8C0098686A /* Release */,
			);
			defaultConfigurationIsVisible = 0;
			defaultConfigurationName = Release;
		};
		98C227AD2561AC8C0098686A /* Build configuration list for PBXNativeTarget "TippyTests" */ = {
			isa = XCConfigurationList;
			buildConfigurations = (
				98C227AE2561AC8C0098686A /* Debug */,
				98C227AF2561AC8C0098686A /* Release */,
			);
			defaultConfigurationIsVisible = 0;
			defaultConfigurationName = Release;
		};
		98C227B02561AC8C0098686A /* Build configuration list for PBXNativeTarget "TippyUITests" */ = {
			isa = XCConfigurationList;
			buildConfigurations = (
				98C227B12561AC8C0098686A /* Debug */,
				98C227B22561AC8C0098686A /* Release */,
			);
			defaultConfigurationIsVisible = 0;
			defaultConfigurationName = Release;
		};
/* End XCConfigurationList section */
	};
	rootObject = 98C227782561AC880098686A /* Project object */;
}
